
Microsoft Visual Studio Solution File, Format Version 12.00
# Visual Studio 15
VisualStudioVersion = 15.0.27703.2000
MinimumVisualStudioVersion = 10.0.40219.1
Project("{9A19103F-16F7-4668-BE54-9A1E7A4F7556}") = "L4DStatsApi", "L4DStatsApi\L4DStatsApi.csproj", "{B760EB8E-9EB6-41D0-B2AE-6D50A417C689}"
EndProject
Project("{9A19103F-16F7-4668-BE54-9A1E7A4F7556}") = "L4DStatsApi.Services", "L4DStatsApi.Services\L4DStatsApi.Services.csproj", "{8852CAE4-1F6F-4DB2-B8AC-476A0477EC9F}"
EndProject
Project("{9A19103F-16F7-4668-BE54-9A1E7A4F7556}") = "L4DStatsApi.Contracts", "L4DStatsApi.Contracts\L4DStatsApi.Contracts.csproj", "{05F30E7D-EEAB-40A8-A8C1-9E5BFC0704D4}"
EndProject
Project("{00D1A9C2-B5F0-4AF3-8072-F6C62B433612}") = "L4DStatsApi.Database.Schema", "L4DStatsApi.Database.Schema\L4DStatsApi.Database.Schema.sqlproj", "{C0024D31-A6F9-4A59-87C0-C000B0EFEFC8}"
EndProject
Project("{9A19103F-16F7-4668-BE54-9A1E7A4F7556}") = "L4DStatsApi.Database", "L4DStatsApi.Database\L4DStatsApi.Database.csproj", "{D422DAB4-A7A7-4BF5-BE88-4FFD07E1060D}"
EndProject
Project("{9A19103F-16F7-4668-BE54-9A1E7A4F7556}") = "L4DStatsApi.Helpers", "L4DStatsApi.Helpers\L4DStatsApi.Helpers.csproj", "{E258F206-DE74-4FF0-873C-BB3F0FFF782F}"
EndProject
Global
	GlobalSection(SolutionConfigurationPlatforms) = preSolution
		Debug|Any CPU = Debug|Any CPU
		Debug|x64 = Debug|x64
		Release|Any CPU = Release|Any CPU
		Release|x64 = Release|x64
	EndGlobalSection
	GlobalSection(ProjectConfigurationPlatforms) = postSolution
		{B760EB8E-9EB6-41D0-B2AE-6D50A417C689}.Debug|Any CPU.ActiveCfg = Debug|Any CPU
		{B760EB8E-9EB6-41D0-B2AE-6D50A417C689}.Debug|Any CPU.Build.0 = Debug|Any CPU
		{B760EB8E-9EB6-41D0-B2AE-6D50A417C689}.Debug|x64.ActiveCfg = Debug|x64
		{B760EB8E-9EB6-41D0-B2AE-6D50A417C689}.Debug|x64.Build.0 = Debug|x64
		{B760EB8E-9EB6-41D0-B2AE-6D50A417C689}.Release|Any CPU.ActiveCfg = Release|Any CPU
		{B760EB8E-9EB6-41D0-B2AE-6D50A417C689}.Release|Any CPU.Build.0 = Release|Any CPU
		{B760EB8E-9EB6-41D0-B2AE-6D50A417C689}.Release|x64.ActiveCfg = Release|x64
		{B760EB8E-9EB6-41D0-B2AE-6D50A417C689}.Release|x64.Build.0 = Release|x64
		{8852CAE4-1F6F-4DB2-B8AC-476A0477EC9F}.Debug|Any CPU.ActiveCfg = Debug|Any CPU
		{8852CAE4-1F6F-4DB2-B8AC-476A0477EC9F}.Debug|Any CPU.Build.0 = Debug|Any CPU
		{8852CAE4-1F6F-4DB2-B8AC-476A0477EC9F}.Debug|x64.ActiveCfg = Debug|x64
		{8852CAE4-1F6F-4DB2-B8AC-476A0477EC9F}.Debug|x64.Build.0 = Debug|x64
		{8852CAE4-1F6F-4DB2-B8AC-476A0477EC9F}.Release|Any CPU.ActiveCfg = Release|Any CPU
		{8852CAE4-1F6F-4DB2-B8AC-476A0477EC9F}.Release|Any CPU.Build.0 = Release|Any CPU
		{8852CAE4-1F6F-4DB2-B8AC-476A0477EC9F}.Release|x64.ActiveCfg = Release|x64
		{8852CAE4-1F6F-4DB2-B8AC-476A0477EC9F}.Release|x64.Build.0 = Release|x64
		{05F30E7D-EEAB-40A8-A8C1-9E5BFC0704D4}.Debug|Any CPU.ActiveCfg = Debug|Any CPU
		{05F30E7D-EEAB-40A8-A8C1-9E5BFC0704D4}.Debug|Any CPU.Build.0 = Debug|Any CPU
		{05F30E7D-EEAB-40A8-A8C1-9E5BFC0704D4}.Debug|x64.ActiveCfg = Debug|x64
		{05F30E7D-EEAB-40A8-A8C1-9E5BFC0704D4}.Debug|x64.Build.0 = Debug|x64
		{05F30E7D-EEAB-40A8-A8C1-9E5BFC0704D4}.Release|Any CPU.ActiveCfg = Release|Any CPU
		{05F30E7D-EEAB-40A8-A8C1-9E5BFC0704D4}.Release|Any CPU.Build.0 = Release|Any CPU
		{05F30E7D-EEAB-40A8-A8C1-9E5BFC0704D4}.Release|x64.ActiveCfg = Release|x64
		{05F30E7D-EEAB-40A8-A8C1-9E5BFC0704D4}.Release|x64.Build.0 = Release|x64
		{C0024D31-A6F9-4A59-87C0-C000B0EFEFC8}.Debug|Any CPU.ActiveCfg = Debug|Any CPU
		{C0024D31-A6F9-4A59-87C0-C000B0EFEFC8}.Debug|Any CPU.Build.0 = Debug|Any CPU
		{C0024D31-A6F9-4A59-87C0-C000B0EFEFC8}.Debug|Any CPU.Deploy.0 = Debug|Any CPU
		{C0024D31-A6F9-4A59-87C0-C000B0EFEFC8}.Debug|x64.ActiveCfg = Debug|Any CPU
		{C0024D31-A6F9-4A59-87C0-C000B0EFEFC8}.Debug|x64.Deploy.0 = Debug|Any CPU
		{C0024D31-A6F9-4A59-87C0-C000B0EFEFC8}.Release|Any CPU.ActiveCfg = Release|Any CPU
		{C0024D31-A6F9-4A59-87C0-C000B0EFEFC8}.Release|Any CPU.Deploy.0 = Release|Any CPU
		{C0024D31-A6F9-4A59-87C0-C000B0EFEFC8}.Release|x64.ActiveCfg = Release|Any CPU
		{C0024D31-A6F9-4A59-87C0-C000B0EFEFC8}.Release|x64.Deploy.0 = Release|Any CPU
		{D422DAB4-A7A7-4BF5-BE88-4FFD07E1060D}.Debug|Any CPU.ActiveCfg = Debug|Any CPU
		{D422DAB4-A7A7-4BF5-BE88-4FFD07E1060D}.Debug|Any CPU.Build.0 = Debug|Any CPU
		{D422DAB4-A7A7-4BF5-BE88-4FFD07E1060D}.Debug|x64.ActiveCfg = Debug|Any CPU
		{D422DAB4-A7A7-4BF5-BE88-4FFD07E1060D}.Debug|x64.Build.0 = Debug|Any CPU
		{D422DAB4-A7A7-4BF5-BE88-4FFD07E1060D}.Release|Any CPU.ActiveCfg = Release|Any CPU
		{D422DAB4-A7A7-4BF5-BE88-4FFD07E1060D}.Release|Any CPU.Build.0 = Release|Any CPU
		{D422DAB4-A7A7-4BF5-BE88-4FFD07E1060D}.Release|x64.ActiveCfg = Release|Any CPU
		{D422DAB4-A7A7-4BF5-BE88-4FFD07E1060D}.Release|x64.Build.0 = Release|Any CPU
		{E258F206-DE74-4FF0-873C-BB3F0FFF782F}.Debug|Any CPU.ActiveCfg = Debug|Any CPU
		{E258F206-DE74-4FF0-873C-BB3F0FFF782F}.Debug|Any CPU.Build.0 = Debug|Any CPU
		{E258F206-DE74-4FF0-873C-BB3F0FFF782F}.Debug|x64.ActiveCfg = Debug|Any CPU
		{E258F206-DE74-4FF0-873C-BB3F0FFF782F}.Debug|x64.Build.0 = Debug|Any CPU
		{E258F206-DE74-4FF0-873C-BB3F0FFF782F}.Release|Any CPU.ActiveCfg = Release|Any CPU
		{E258F206-DE74-4FF0-873C-BB3F0FFF782F}.Release|Any CPU.Build.0 = Release|Any CPU
		{E258F206-DE74-4FF0-873C-BB3F0FFF782F}.Release|x64.ActiveCfg = Release|Any CPU
		{E258F206-DE74-4FF0-873C-BB3F0FFF782F}.Release|x64.Build.0 = Release|Any CPU
	EndGlobalSection
	GlobalSection(SolutionProperties) = preSolution
		HideSolutionNode = FALSE
	EndGlobalSection
	GlobalSection(ExtensibilityGlobals) = postSolution
		SolutionGuid = {769617A2-12F3-4419-B246-2EE8C6E4C217}
	EndGlobalSection
EndGlobal
